// !$*UTF8*$!
{
	archiveVersion = 1;
	classes = {
	};
	objectVersion = 77;
	objects = {

/* Begin PBXBuildFile section */
		D53388AF2EE88F44004EE1A1 /* Alamofire in Frameworks */ = {isa = PBXBuildFile; productRef = D53388AE2EE88F44004EE1A1 /* Alamofire */; };
		D53388B22EE88F7E004EE1A1 /* Kingfisher in Frameworks */ = {isa = PBXBuildFile; productRef = D53388B12EE88F7E004EE1A1 /* Kingfisher */; };
/* End PBXBuildFile section */

/* Begin PBXContainerItemProxy section */
		D5BE39732EE87FD0009BF190 /* PBXContainerItemProxy */ = {
			isa = PBXContainerItemProxy;
			containerPortal = D5BE39542EE87FCF009BF190 /* Project object */;
			proxyType = 1;
			remoteGlobalIDString = D5BE395B2EE87FCF009BF190;
			remoteInfo = HeroAppAdvanced;
		};
		D5BE397D2EE87FD0009BF190 /* PBXContainerItemProxy */ = {
			isa = PBXContainerItemProxy;
			containerPortal = D5BE39542EE87FCF009BF190 /* Project object */;
			proxyType = 1;
			remoteGlobalIDString = D5BE395B2EE87FCF009BF190;
			remoteInfo = HeroAppAdvanced;
		};
/* End PBXContainerItemProxy section */

/* Begin PBXCopyFilesBuildPhase section */
		D53388862EE88C4A004EE1A1 /* Embed Frameworks */ = {
			isa = PBXCopyFilesBuildPhase;
			buildActionMask = 2147483647;
			dstPath = "";
			dstSubfolderSpec = 10;
			files = (
			);
			name = "Embed Frameworks";
			runOnlyForDeploymentPostprocessing = 0;
		};
/* End PBXCopyFilesBuildPhase section */

/* Begin PBXFileReference section */
		D5BE395C2EE87FCF009BF190 /* HeroAppAdvanced.app */ = {isa = PBXFileReference; explicitFileType = wrapper.application; includeInIndex = 0; path = HeroAppAdvanced.app; sourceTree = BUILT_PRODUCTS_DIR; };
		D5BE39722EE87FD0009BF190 /* HeroAppAdvancedTests.xctest */ = {isa = PBXFileReference; explicitFileType = wrapper.cfbundle; includeInIndex = 0; path = HeroAppAdvancedTests.xctest; sourceTree = BUILT_PRODUCTS_DIR; };
		D5BE397C2EE87FD0009BF190 /* HeroAppAdvancedUITests.xctest */ = {isa = PBXFileReference; explicitFileType = wrapper.cfbundle; includeInIndex = 0; path = HeroAppAdvancedUITests.xctest; sourceTree = BUILT_PRODUCTS_DIR; };
/* End PBXFileReference section */

/* Begin PBXFileSystemSynchronizedBuildFileExceptionSet section */
		D5BE39842EE87FD0009BF190 /* Exceptions for "HeroAppAdvanced" folder in "HeroAppAdvanced" target */ = {
			isa = PBXFileSystemSynchronizedBuildFileExceptionSet;
			membershipExceptions = (
				Info.plist,
			);
			target = D5BE395B2EE87FCF009BF190 /* HeroAppAdvanced */;
		};
/* End PBXFileSystemSynchronizedBuildFileExceptionSet section */

/* Begin PBXFileSystemSynchronizedRootGroup section */
		D5BE395E2EE87FCF009BF190 /* HeroAppAdvanced */ = {
			isa = PBXFileSystemSynchronizedRootGroup;
			exceptions = (
				D5BE39842EE87FD0009BF190 /* Exceptions for "HeroAppAdvanced" folder in "HeroAppAdvanced" target */,
			);
			path = HeroAppAdvanced;
			sourceTree = "<group>";
		};
		D5BE39752EE87FD0009BF190 /* HeroAppAdvancedTests */ = {
			isa = PBXFileSystemSynchronizedRootGroup;
			path = HeroAppAdvancedTests;
			sourceTree = "<group>";
		};
		D5BE397F2EE87FD0009BF190 /* HeroAppAdvancedUITests */ = {
			isa = PBXFileSystemSynchronizedRootGroup;
			path = HeroAppAdvancedUITests;
			sourceTree = "<group>";
		};
/* End PBXFileSystemSynchronizedRootGroup section */

/* Begin PBXFrameworksBuildPhase section */
		D5BE39592EE87FCF009BF190 /* Frameworks */ = {
			isa = PBXFrameworksBuildPhase;
			buildActionMask = 2147483647;
			files = (
				D53388B22EE88F7E004EE1A1 /* Kingfisher in Frameworks */,
				D53388AF2EE88F44004EE1A1 /* Alamofire in Frameworks */,
			);
			runOnlyForDeploymentPostprocessing = 0;
		};
		D5BE396F2EE87FD0009BF190 /* Frameworks */ = {
			isa = PBXFrameworksBuildPhase;
			buildActionMask = 2147483647;
			files = (
			);
			runOnlyForDeploymentPostprocessing = 0;
		};
		D5BE39792EE87FD0009BF190 /* Frameworks */ = {
			isa = PBXFrameworksBuildPhase;
			buildActionMask = 2147483647;
			files = (
			);
			runOnlyForDeploymentPostprocessing = 0;
		};
/* End PBXFrameworksBuildPhase section */

/* Begin PBXGroup section */
		D53388872EE88C54004EE1A1 /* Frameworks */ = {
			isa = PBXGroup;
			children = (
			);
			name = Frameworks;
			sourceTree = "<group>";
		};
		D5BE39532EE87FCF009BF190 = {
			isa = PBXGroup;
			children = (
				D5BE395E2EE87FCF009BF190 /* HeroAppAdvanced */,
				D5BE39752EE87FD0009BF190 /* HeroAppAdvancedTests */,
				D5BE397F2EE87FD0009BF190 /* HeroAppAdvancedUITests */,
				D53388872EE88C54004EE1A1 /* Frameworks */,
				D5BE395D2EE87FCF009BF190 /* Products */,
			);
			sourceTree = "<group>";
		};
		D5BE395D2EE87FCF009BF190 /* Products */ = {
			isa = PBXGroup;
			children = (
				D5BE395C2EE87FCF009BF190 /* HeroAppAdvanced.app */,
				D5BE39722EE87FD0009BF190 /* HeroAppAdvancedTests.xctest */,
				D5BE397C2EE87FD0009BF190 /* HeroAppAdvancedUITests.xctest */,
			);
			name = Products;
			sourceTree = "<group>";
		};
/* End PBXGroup section */

/* Begin PBXNativeTarget section */
		D5BE395B2EE87FCF009BF190 /* HeroAppAdvanced */ = {
			isa = PBXNativeTarget;
			buildConfigurationList = D5BE39852EE87FD0009BF190 /* Build configuration list for PBXNativeTarget "HeroAppAdvanced" */;
			buildPhases = (
				D5BE39582EE87FCF009BF190 /* Sources */,
				D5BE39592EE87FCF009BF190 /* Frameworks */,
				D5BE395A2EE87FCF009BF190 /* Resources */,
				D53388862EE88C4A004EE1A1 /* Embed Frameworks */,
			);
			buildRules = (
			);
			dependencies = (
			);
			fileSystemSynchronizedGroups = (
				D5BE395E2EE87FCF009BF190 /* HeroAppAdvanced */,
			);
			name = HeroAppAdvanced;
			packageProductDependencies = (
				D53388AE2EE88F44004EE1A1 /* Alamofire */,
				D53388B12EE88F7E004EE1A1 /* Kingfisher */,
			);
			productName = HeroAppAdvanced;
			productReference = D5BE395C2EE87FCF009BF190 /* HeroAppAdvanced.app */;
			productType = "com.apple.product-type.application";
		};
		D5BE39712EE87FD0009BF190 /* HeroAppAdvancedTests */ = {
			isa = PBXNativeTarget;
			buildConfigurationList = D5BE398A2EE87FD0009BF190 /* Build configuration list for PBXNativeTarget "HeroAppAdvancedTests" */;
			buildPhases = (
				D5BE396E2EE87FD0009BF190 /* Sources */,
				D5BE396F2EE87FD0009BF190 /* Frameworks */,
				D5BE39702EE87FD0009BF190 /* Resources */,
			);
			buildRules = (
			);
			dependencies = (
				D5BE39742EE87FD0009BF190 /* PBXTargetDependency */,
			);
			fileSystemSynchronizedGroups = (
				D5BE39752EE87FD0009BF190 /* HeroAppAdvancedTests */,
			);
			name = HeroAppAdvancedTests;
			packageProductDependencies = (
			);
			productName = HeroAppAdvancedTests;
			productReference = D5BE39722EE87FD0009BF190 /* HeroAppAdvancedTests.xctest */;
			productType = "com.apple.product-type.bundle.unit-test";
		};
		D5BE397B2EE87FD0009BF190 /* HeroAppAdvancedUITests */ = {
			isa = PBXNativeTarget;
			buildConfigurationList = D5BE398D2EE87FD0009BF190 /* Build configuration list for PBXNativeTarget "HeroAppAdvancedUITests" */;
			buildPhases = (
				D5BE39782EE87FD0009BF190 /* Sources */,
				D5BE39792EE87FD0009BF190 /* Frameworks */,
				D5BE397A2EE87FD0009BF190 /* Resources */,
			);
			buildRules = (
			);
			dependencies = (
				D5BE397E2EE87FD0009BF190 /* PBXTargetDependency */,
			);
			fileSystemSynchronizedGroups = (
				D5BE397F2EE87FD0009BF190 /* HeroAppAdvancedUITests */,
			);
			name = HeroAppAdvancedUITests;
			packageProductDependencies = (
			);
			productName = HeroAppAdvancedUITests;
			productReference = D5BE397C2EE87FD0009BF190 /* HeroAppAdvancedUITests.xctest */;
			productType = "com.apple.product-type.bundle.ui-testing";
		};
/* End PBXNativeTarget section */

/* Begin PBXProject section */
		D5BE39542EE87FCF009BF190 /* Project object */ = {
			isa = PBXProject;
			attributes = {
				BuildIndependentTargetsInParallel = 1;
				LastSwiftUpdateCheck = 2600;
				LastUpgradeCheck = 2600;
				TargetAttributes = {
					D5BE395B2EE87FCF009BF190 = {
						CreatedOnToolsVersion = 26.0;
					};
					D5BE39712EE87FD0009BF190 = {
						CreatedOnToolsVersion = 26.0;
						TestTargetID = D5BE395B2EE87FCF009BF190;
					};
					D5BE397B2EE87FD0009BF190 = {
						CreatedOnToolsVersion = 26.0;
						TestTargetID = D5BE395B2EE87FCF009BF190;
					};
				};
			};
			buildConfigurationList = D5BE39572EE87FCF009BF190 /* Build configuration list for PBXProject "HeroAppAdvanced" */;
			developmentRegion = en;
			hasScannedForEncodings = 0;
			knownRegions = (
				en,
				Base,
			);
			mainGroup = D5BE39532EE87FCF009BF190;
			minimizedProjectReferenceProxies = 1;
			packageReferences = (
				D53388AD2EE88F44004EE1A1 /* XCRemoteSwiftPackageReference "Alamofire" */,
				D53388B02EE88F7E004EE1A1 /* XCRemoteSwiftPackageReference "Kingfisher" */,
			);
			preferredProjectObjectVersion = 77;
			productRefGroup = D5BE395D2EE87FCF009BF190 /* Products */;
			projectDirPath = "";
			projectRoot = "";
			targets = (
				D5BE395B2EE87FCF009BF190 /* HeroAppAdvanced */,
				D5BE39712EE87FD0009BF190 /* HeroAppAdvancedTests */,
				D5BE397B2EE87FD0009BF190 /* HeroAppAdvancedUITests */,
			);
		};
/* End PBXProject section */

/* Begin PBXResourcesBuildPhase section */
		D5BE395A2EE87FCF009BF190 /* Resources */ = {
			isa = PBXResourcesBuildPhase;
			buildActionMask = 2147483647;
			files = (
			);
			runOnlyForDeploymentPostprocessing = 0;
		};
		D5BE39702EE87FD0009BF190 /* Resources */ = {
			isa = PBXResourcesBuildPhase;
			buildActionMask = 2147483647;
			files = (
			);
			runOnlyForDeploymentPostprocessing = 0;
		};
		D5BE397A2EE87FD0009BF190 /* Resources */ = {
			isa = PBXResourcesBuildPhase;
			buildActionMask = 2147483647;
			files = (
			);
			runOnlyForDeploymentPostprocessing = 0;
		};
/* End PBXResourcesBuildPhase section */

/* Begin PBXSourcesBuildPhase section */
		D5BE39582EE87FCF009BF190 /* Sources */ = {
			isa = PBXSourcesBuildPhase;
			buildActionMask = 2147483647;
			files = (
			);
			runOnlyForDeploymentPostprocessing = 0;
		};
		D5BE396E2EE87FD0009BF190 /* Sources */ = {
			isa = PBXSourcesBuildPhase;
			buildActionMask = 2147483647;
			files = (
			);
			runOnlyForDeploymentPostprocessing = 0;
		};
		D5BE39782EE87FD0009BF190 /* Sources */ = {
			isa = PBXSourcesBuildPhase;
			buildActionMask = 2147483647;
			files = (
			);
			runOnlyForDeploymentPostprocessing = 0;
		};
/* End PBXSourcesBuildPhase section */

/* Begin PBXTargetDependency section */
		D5BE39742EE87FD0009BF190 /* PBXTargetDependency */ = {
			isa = PBXTargetDependency;
			target = D5BE395B2EE87FCF009BF190 /* HeroAppAdvanced */;
			targetProxy = D5BE39732EE87FD0009BF190 /* PBXContainerItemProxy */;
		};
		D5BE397E2EE87FD0009BF190 /* PBXTargetDependency */ = {
			isa = PBXTargetDependency;
			target = D5BE395B2EE87FCF009BF190 /* HeroAppAdvanced */;
			targetProxy = D5BE397D2EE87FD0009BF190 /* PBXContainerItemProxy */;
		};
/* End PBXTargetDependency section */

/* Begin XCBuildConfiguration section */
		D5BE39862EE87FD0009BF190 /* Debug */ = {
			isa = XCBuildConfiguration;
			buildSettings = {
				ASSETCATALOG_COMPILER_APPICON_NAME = AppIcon;
				ASSETCATALOG_COMPILER_GLOBAL_ACCENT_COLOR_NAME = AccentColor;
				CODE_SIGN_STYLE = Automatic;
				CURRENT_PROJECT_VERSION = 1;
				GENERATE_INFOPLIST_FILE = YES;
				INFOPLIST_FILE = HeroAppAdvanced/Info.plist;
				INFOPLIST_KEY_UIApplicationSupportsIndirectInputEvents = YES;
				INFOPLIST_KEY_UILaunchStoryboardName = LaunchScreen;
				INFOPLIST_KEY_UIMainStoryboardFile = Main;
				INFOPLIST_KEY_UISupportedInterfaceOrientations_iPad = "UIInterfaceOrientationPortrait UIInterfaceOrientationPortraitUpsideDown UIInterfaceOrientationLandscapeLeft UIInterfaceOrientationLandscapeRight";
				INFOPLIST_KEY_UISupportedInterfaceOrientations_iPhone = "UIInterfaceOrientationPortrait UIInterfaceOrientationLandscapeLeft UIInterfaceOrientationLandscapeRight";
				LD_RUNPATH_SEARCH_PATHS = (
					"$(inherited)",
					"@executable_path/Frameworks",
				);
				MARKETING_VERSION = 1.0;
				PRODUCT_BUNDLE_IDENTIFIER = Besisen.Abylai.HeroAppAdvanced;
				PRODUCT_NAME = "$(TARGET_NAME)";
				STRING_CATALOG_GENERATE_SYMBOLS = YES;
				SWIFT_APPROACHABLE_CONCURRENCY = YES;
				SWIFT_DEFAULT_ACTOR_ISOLATION = MainActor;
				SWIFT_EMIT_LOC_STRINGS = YES;
				SWIFT_UPCOMING_FEATURE_MEMBER_IMPORT_VISIBILITY = YES;
				SWIFT_VERSION = 5.0;
				TARGETED_DEVICE_FAMILY = "1,2";
			};
			name = Debug;
		};
		D5BE39872EE87FD0009BF190 /* Release */ = {
			isa = XCBuildConfiguration;
			buildSettings = {
				ASSETCATALOG_COMPILER_APPICON_NAME = AppIcon;
				ASSETCATALOG_COMPILER_GLOBAL_ACCENT_COLOR_NAME = AccentColor;
				CODE_SIGN_STYLE = Automatic;
				CURRENT_PROJECT_VERSION = 1;
				GENERATE_INFOPLIST_FILE = YES;
				INFOPLIST_FILE = HeroAppAdvanced/Info.plist;
				INFOPLIST_KEY_UIApplicationSupportsIndirectInputEvents = YES;
				INFOPLIST_KEY_UILaunchStoryboardName = LaunchScreen;
				INFOPLIST_KEY_UIMainStoryboardFile = Main;
				INFOPLIST_KEY_UISupportedInterfaceOrientations_iPad = "UIInterfaceOrientationPortrait UIInterfaceOrientationPortraitUpsideDown UIInterfaceOrientationLandscapeLeft UIInterfaceOrientationLandscapeRight";
				INFOPLIST_KEY_UISupportedInterfaceOrientations_iPhone = "UIInterfaceOrientationPortrait UIInterfaceOrientationLandscapeLeft UIInterfaceOrientationLandscapeRight";
				LD_RUNPATH_SEARCH_PATHS = (
					"$(inherited)",
					"@executable_path/Frameworks",
				);
				MARKETING_VERSION = 1.0;
				PRODUCT_BUNDLE_IDENTIFIER = Besisen.Abylai.HeroAppAdvanced;
				PRODUCT_NAME = "$(TARGET_NAME)";
				STRING_CATALOG_GENERATE_SYMBOLS = YES;
				SWIFT_APPROACHABLE_CONCURRENCY = YES;
				SWIFT_DEFAULT_ACTOR_ISOLATION = MainActor;
				SWIFT_EMIT_LOC_STRINGS = YES;
				SWIFT_UPCOMING_FEATURE_MEMBER_IMPORT_VISIBILITY = YES;
				SWIFT_VERSION = 5.0;
				TARGETED_DEVICE_FAMILY = "1,2";
			};
			name = Release;
		};
		D5BE39882EE87FD0009BF190 /* Debug */ = {
			isa = XCBuildConfiguration;
			buildSettings = {
				ALWAYS_SEARCH_USER_PATHS = NO;
				ASSETCATALOG_COMPILER_GENERATE_SWIFT_ASSET_SYMBOL_EXTENSIONS = YES;
				CLANG_ANALYZER_NONNULL = YES;
				CLANG_ANALYZER_NUMBER_OBJECT_CONVERSION = YES_AGGRESSIVE;
				CLANG_CXX_LANGUAGE_STANDARD = "gnu++20";
				CLANG_ENABLE_MODULES = YES;
				CLANG_ENABLE_OBJC_ARC = YES;
				CLANG_ENABLE_OBJC_WEAK = YES;
				CLANG_WARN_BLOCK_CAPTURE_AUTORELEASING = YES;
				CLANG_WARN_BOOL_CONVERSION = YES;
				CLANG_WARN_COMMA = YES;
				CLANG_WARN_CONSTANT_CONVERSION = YES;
				CLANG_WARN_DEPRECATED_OBJC_IMPLEMENTATIONS = YES;
				CLANG_WARN_DIRECT_OBJC_ISA_USAGE = YES_ERROR;
				CLANG_WARN_DOCUMENTATION_COMMENTS = YES;
				CLANG_WARN_EMPTY_BODY = YES;
				CLANG_WARN_ENUM_CONVERSION = YES;
				CLANG_WARN_INFINITE_RECURSION = YES;
				CLANG_WARN_INT_CONVERSION = YES;
				CLANG_WARN_NON_LITERAL_NULL_CONVERSION = YES;
				CLANG_WARN_OBJC_IMPLICIT_RETAIN_SELF = YES;
				CLANG_WARN_OBJC_LITERAL_CONVERSION = YES;
				CLANG_WARN_OBJC_ROOT_CLASS = YES_ERROR;
				CLANG_WARN_QUOTED_INCLUDE_IN_FRAMEWORK_HEADER = YES;
				CLANG_WARN_RANGE_LOOP_ANALYSIS = YES;
				CLANG_WARN_STRICT_PROTOTYPES = YES;
				CLANG_WARN_SUSPICIOUS_MOVE = YES;
				CLANG_WARN_UNGUARDED_AVAILABILITY = YES_AGGRESSIVE;
				CLANG_WARN_UNREACHABLE_CODE = YES;
				CLANG_WARN__DUPLICATE_METHOD_MATCH = YES;
				COPY_PHASE_STRIP = NO;
				DEBUG_INFORMATION_FORMAT = dwarf;
				ENABLE_STRICT_OBJC_MSGSEND = YES;
				ENABLE_TESTABILITY = YES;
				ENABLE_USER_SCRIPT_SANDBOXING = YES;
				GCC_C_LANGUAGE_STANDARD = gnu17;
				GCC_DYNAMIC_NO_PIC = NO;
				GCC_NO_COMMON_BLOCKS = YES;
				GCC_OPTIMIZATION_LEVEL = 0;
				GCC_PREPROCESSOR_DEFINITIONS = (
					"DEBUG=1",
					"$(inherited)",
				);
				GCC_WARN_64_TO_32_BIT_CONVERSION = YES;
				GCC_WARN_ABOUT_RETURN_TYPE = YES_ERROR;
				GCC_WARN_UNDECLARED_SELECTOR = YES;
				GCC_WARN_UNINITIALIZED_AUTOS = YES_AGGRESSIVE;
				GCC_WARN_UNUSED_FUNCTION = YES;
				GCC_WARN_UNUSED_VARIABLE = YES;
				IPHONEOS_DEPLOYMENT_TARGET = 26.0;
				LOCALIZATION_PREFERS_STRING_CATALOGS = YES;
				MTL_ENABLE_DEBUG_INFO = INCLUDE_SOURCE;
				MTL_FAST_MATH = YES;
				ONLY_ACTIVE_ARCH = YES;
				SDKROOT = iphoneos;
				SWIFT_ACTIVE_COMPILATION_CONDITIONS = "DEBUG $(inherited)";
				SWIFT_OPTIMIZATION_LEVEL = "-Onone";
			};
			name = Debug;
		};
		D5BE39892EE87FD0009BF190 /* Release */ = {
			isa = XCBuildConfiguration;
			buildSettings = {
				ALWAYS_SEARCH_USER_PATHS = NO;
				ASSETCATALOG_COMPILER_GENERATE_SWIFT_ASSET_SYMBOL_EXTENSIONS = YES;
				CLANG_ANALYZER_NONNULL = YES;
				CLANG_ANALYZER_NUMBER_OBJECT_CONVERSION = YES_AGGRESSIVE;
				CLANG_CXX_LANGUAGE_STANDARD = "gnu++20";
				CLANG_ENABLE_MODULES = YES;
				CLANG_ENABLE_OBJC_ARC = YES;
				CLANG_ENABLE_OBJC_WEAK = YES;
				CLANG_WARN_BLOCK_CAPTURE_AUTORELEASING = YES;
				CLANG_WARN_BOOL_CONVERSION = YES;
				CLANG_WARN_COMMA = YES;
				CLANG_WARN_CONSTANT_CONVERSION = YES;
				CLANG_WARN_DEPRECATED_OBJC_IMPLEMENTATIONS = YES;
				CLANG_WARN_DIRECT_OBJC_ISA_USAGE = YES_ERROR;
				CLANG_WARN_DOCUMENTATION_COMMENTS = YES;
				CLANG_WARN_EMPTY_BODY = YES;
				CLANG_WARN_ENUM_CONVERSION = YES;
				CLANG_WARN_INFINITE_RECURSION = YES;
				CLANG_WARN_INT_CONVERSION = YES;
				CLANG_WARN_NON_LITERAL_NULL_CONVERSION = YES;
				CLANG_WARN_OBJC_IMPLICIT_RETAIN_SELF = YES;
				CLANG_WARN_OBJC_LITERAL_CONVERSION = YES;
				CLANG_WARN_OBJC_ROOT_CLASS = YES_ERROR;
				CLANG_WARN_QUOTED_INCLUDE_IN_FRAMEWORK_HEADER = YES;
				CLANG_WARN_RANGE_LOOP_ANALYSIS = YES;
				CLANG_WARN_STRICT_PROTOTYPES = YES;
				CLANG_WARN_SUSPICIOUS_MOVE = YES;
				CLANG_WARN_UNGUARDED_AVAILABILITY = YES_AGGRESSIVE;
				CLANG_WARN_UNREACHABLE_CODE = YES;
				CLANG_WARN__DUPLICATE_METHOD_MATCH = YES;
				COPY_PHASE_STRIP = NO;
				DEBUG_INFORMATION_FORMAT = "dwarf-with-dsym";
				ENABLE_NS_ASSERTIONS = NO;
				ENABLE_STRICT_OBJC_MSGSEND = YES;
				ENABLE_USER_SCRIPT_SANDBOXING = YES;
				GCC_C_LANGUAGE_STANDARD = gnu17;
				GCC_NO_COMMON_BLOCKS = YES;
				GCC_WARN_64_TO_32_BIT_CONVERSION = YES;
				GCC_WARN_ABOUT_RETURN_TYPE = YES_ERROR;
				GCC_WARN_UNDECLARED_SELECTOR = YES;
				GCC_WARN_UNINITIALIZED_AUTOS = YES_AGGRESSIVE;
				GCC_WARN_UNUSED_FUNCTION = YES;
				GCC_WARN_UNUSED_VARIABLE = YES;
				IPHONEOS_DEPLOYMENT_TARGET = 26.0;
				LOCALIZATION_PREFERS_STRING_CATALOGS = YES;
				MTL_ENABLE_DEBUG_INFO = NO;
				MTL_FAST_MATH = YES;
				SDKROOT = iphoneos;
				SWIFT_COMPILATION_MODE = wholemodule;
				VALIDATE_PRODUCT = YES;
			};
			name = Release;
		};
		D5BE398B2EE87FD0009BF190 /* Debug */ = {
			isa = XCBuildConfiguration;
			buildSettings = {
				BUNDLE_LOADER = "$(TEST_HOST)";
				CODE_SIGN_STYLE = Automatic;
				CURRENT_PROJECT_VERSION = 1;
				GENERATE_INFOPLIST_FILE = YES;
				IPHONEOS_DEPLOYMENT_TARGET = 26.0;
				MARKETING_VERSION = 1.0;
				PRODUCT_BUNDLE_IDENTIFIER = Besisen.Abylai.HeroAppAdvancedTests;
				PRODUCT_NAME = "$(TARGET_NAME)";
				STRING_CATALOG_GENERATE_SYMBOLS = NO;
				SWIFT_APPROACHABLE_CONCURRENCY = YES;
				SWIFT_EMIT_LOC_STRINGS = NO;
				SWIFT_UPCOMING_FEATURE_MEMBER_IMPORT_VISIBILITY = YES;
				SWIFT_VERSION = 5.0;
				TARGETED_DEVICE_FAMILY = "1,2";
				TEST_HOST = "$(BUILT_PRODUCTS_DIR)/HeroAppAdvanced.app/$(BUNDLE_EXECUTABLE_FOLDER_PATH)/HeroAppAdvanced";
			};
			name = Debug;
		};
		D5BE398C2EE87FD0009BF190 /* Release */ = {
			isa = XCBuildConfiguration;
			buildSettings = {
				BUNDLE_LOADER = "$(TEST_HOST)";
				CODE_SIGN_STYLE = Automatic;
				CURRENT_PROJECT_VERSION = 1;
				GENERATE_INFOPLIST_FILE = YES;
				IPHONEOS_DEPLOYMENT_TARGET = 26.0;
				MARKETING_VERSION = 1.0;
				PRODUCT_BUNDLE_IDENTIFIER = Besisen.Abylai.HeroAppAdvancedTests;
				PRODUCT_NAME = "$(TARGET_NAME)";
				STRING_CATALOG_GENERATE_SYMBOLS = NO;
				SWIFT_APPROACHABLE_CONCURRENCY = YES;
				SWIFT_EMIT_LOC_STRINGS = NO;
				SWIFT_UPCOMING_FEATURE_MEMBER_IMPORT_VISIBILITY = YES;
				SWIFT_VERSION = 5.0;
				TARGETED_DEVICE_FAMILY = "1,2";
				TEST_HOST = "$(BUILT_PRODUCTS_DIR)/HeroAppAdvanced.app/$(BUNDLE_EXECUTABLE_FOLDER_PATH)/HeroAppAdvanced";
			};
			name = Release;
		};
		D5BE398E2EE87FD0009BF190 /* Debug */ = {
			isa = XCBuildConfiguration;
			buildSettings = {
				CODE_SIGN_STYLE = Automatic;
				CURRENT_PROJECT_VERSION = 1;
				GENERATE_INFOPLIST_FILE = YES;
				MARKETING_VERSION = 1.0;
				PRODUCT_BUNDLE_IDENTIFIER = Besisen.Abylai.HeroAppAdvancedUITests;
				PRODUCT_NAME = "$(TARGET_NAME)";
				STRING_CATALOG_GENERATE_SYMBOLS = NO;
				SWIFT_APPROACHABLE_CONCURRENCY = YES;
				SWIFT_EMIT_LOC_STRINGS = NO;
				SWIFT_UPCOMING_FEATURE_MEMBER_IMPORT_VISIBILITY = YES;
				SWIFT_VERSION = 5.0;
				TARGETED_DEVICE_FAMILY = "1,2";
				TEST_TARGET_NAME = HeroAppAdvanced;
			};
			name = Debug;
		};
		D5BE398F2EE87FD0009BF190 /* Release */ = {
			isa = XCBuildConfiguration;
			buildSettings = {
				CODE_SIGN_STYLE = Automatic;
				CURRENT_PROJECT_VERSION = 1;
				GENERATE_INFOPLIST_FILE = YES;
				MARKETING_VERSION = 1.0;
				PRODUCT_BUNDLE_IDENTIFIER = Besisen.Abylai.HeroAppAdvancedUITests;
				PRODUCT_NAME = "$(TARGET_NAME)";
				STRING_CATALOG_GENERATE_SYMBOLS = NO;
				SWIFT_APPROACHABLE_CONCURRENCY = YES;
				SWIFT_EMIT_LOC_STRINGS = NO;
				SWIFT_UPCOMING_FEATURE_MEMBER_IMPORT_VISIBILITY = YES;
				SWIFT_VERSION = 5.0;
				TARGETED_DEVICE_FAMILY = "1,2";
				TEST_TARGET_NAME = HeroAppAdvanced;
			};
			name = Release;
		};
/* End XCBuildConfiguration section */

/* Begin XCConfigurationList section */
		D5BE39572EE87FCF009BF190 /* Build configuration list for PBXProject "HeroAppAdvanced" */ = {
			isa = XCConfigurationList;
			buildConfigurations = (
				D5BE39882EE87FD0009BF190 /* Debug */,
				D5BE39892EE87FD0009BF190 /* Release */,
			);
			defaultConfigurationIsVisible = 0;
			defaultConfigurationName = Release;
		};
		D5BE39852EE87FD0009BF190 /* Build configuration list for PBXNativeTarget "HeroAppAdvanced" */ = {
			isa = XCConfigurationList;
			buildConfigurations = (
				D5BE39862EE87FD0009BF190 /* Debug */,
				D5BE39872EE87FD0009BF190 /* Release */,
			);
			defaultConfigurationIsVisible = 0;
			defaultConfigurationName = Release;
		};
		D5BE398A2EE87FD0009BF190 /* Build configuration list for PBXNativeTarget "HeroAppAdvancedTests" */ = {
			isa = XCConfigurationList;
			buildConfigurations = (
				D5BE398B2EE87FD0009BF190 /* Debug */,
				D5BE398C2EE87FD0009BF190 /* Release */,
			);
			defaultConfigurationIsVisible = 0;
			defaultConfigurationName = Release;
		};
		D5BE398D2EE87FD0009BF190 /* Build configuration list for PBXNativeTarget "HeroAppAdvancedUITests" */ = {
			isa = XCConfigurationList;
			buildConfigurations = (
				D5BE398E2EE87FD0009BF190 /* Debug */,
				D5BE398F2EE87FD0009BF190 /* Release */,
			);
			defaultConfigurationIsVisible = 0;
			defaultConfigurationName = Release;
		};
/* End XCConfigurationList section */

/* Begin XCRemoteSwiftPackageReference section */
		D53388AD2EE88F44004EE1A1 /* XCRemoteSwiftPackageReference "Alamofire" */ = {
			isa = XCRemoteSwiftPackageReference;
			repositoryURL = "https://github.com/Alamofire/Alamofire.git";
			requirement = {
				kind = upToNextMajorVersion;
				minimumVersion = 5.10.2;
			};
		};
		D53388B02EE88F7E004EE1A1 /* XCRemoteSwiftPackageReference "Kingfisher" */ = {
			isa = XCRemoteSwiftPackageReference;
			repositoryURL = "https://github.com/onevcat/Kingfisher.git";
			requirement = {
				kind = upToNextMajorVersion;
				minimumVersion = 8.6.2;
			};
		};
/* End XCRemoteSwiftPackageReference section */

/* Begin XCSwiftPackageProductDependency section */
		D53388AE2EE88F44004EE1A1 /* Alamofire */ = {
			isa = XCSwiftPackageProductDependency;
			package = D53388AD2EE88F44004EE1A1 /* XCRemoteSwiftPackageReference "Alamofire" */;
			productName = Alamofire;
		};
		D53388B12EE88F7E004EE1A1 /* Kingfisher */ = {
			isa = XCSwiftPackageProductDependency;
			package = D53388B02EE88F7E004EE1A1 /* XCRemoteSwiftPackageReference "Kingfisher" */;
			productName = Kingfisher;
		};
/* End XCSwiftPackageProductDependency section */
	};
	rootObject = D5BE39542EE87FCF009BF190 /* Project object */;
}
